
Microsoft Visual Studio Solution File, Format Version 12.00
# Visual Studio Version 16
VisualStudioVersion = 16.0.35130.168
MinimumVisualStudioVersion = 10.0.40219.1
Project("{FAE04EC0-301F-11D3-BF4B-00C04F79EFBC}") = "BakeryShopManagement", "BakeryShopManagement.csproj", "{A5E633DD-434F-42A2-A9D3-9B099763A398}"
EndProject
Project("{2150E333-8FDC-42A3-9474-1A3956D46DE8}") = "Solution Items", "Solution Items", "{C672FCFA-F330-4658-85FB-C021F4E1CF27}"
	ProjectSection(SolutionItems) = preProject
		.editorconfig = .editorconfig
	EndProjectSection
EndProject
Global
	GlobalSection(SolutionConfigurationPlatforms) = preSolution
		Debug|Any CPU = Debug|Any CPU
		Release|Any CPU = Release|Any CPU
	EndGlobalSection
	GlobalSection(ProjectConfigurationPlatforms) = postSolution
		{A5E633DD-434F-42A2-A9D3-9B099763A398}.Debug|Any CPU.ActiveCfg = Debug|Any CPU
		{A5E633DD-434F-42A2-A9D3-9B099763A398}.Debug|Any CPU.Build.0 = Debug|Any CPU
		{A5E633DD-434F-42A2-A9D3-9B099763A398}.Release|Any CPU.ActiveCfg = Release|Any CPU
		{A5E633DD-434F-42A2-A9D3-9B099763A398}.Release|Any CPU.Build.0 = Release|Any CPU
	EndGlobalSection
	GlobalSection(SolutionProperties) = preSolution
		HideSolutionNode = FALSE
	EndGlobalSection
	GlobalSection(ExtensibilityGlobals) = postSolution
		SolutionGuid = {A38A47F9-0DAB-4AE8-ADA8-97B10079000F}
	EndGlobalSection
EndGlobal
